// !$*UTF8*$!
{
	archiveVersion = 1;
	classes = {
	};
	objectVersion = 50;
	objects = {

/* Begin PBXBuildFile section */
		B7E7BB41252070DB00C68AAF /* AppDelegate.swift in Sources */ = {isa = PBXBuildFile; fileRef = B7E7BB40252070DB00C68AAF /* AppDelegate.swift */; };
		B7E7BB43252070DB00C68AAF /* SceneDelegate.swift in Sources */ = {isa = PBXBuildFile; fileRef = B7E7BB42252070DB00C68AAF /* SceneDelegate.swift */; };
		B7E7BB45252070DB00C68AAF /* ViewController.swift in Sources */ = {isa = PBXBuildFile; fileRef = B7E7BB44252070DB00C68AAF /* ViewController.swift */; };
		B7E7BB48252070DB00C68AAF /* Main.storyboard in Resources */ = {isa = PBXBuildFile; fileRef = B7E7BB46252070DB00C68AAF /* Main.storyboard */; };
		B7E7BB4A252070DC00C68AAF /* Assets.xcassets in Resources */ = {isa = PBXBuildFile; fileRef = B7E7BB49252070DC00C68AAF /* Assets.xcassets */; };
		B7E7BB4D252070DC00C68AAF /* LaunchScreen.storyboard in Resources */ = {isa = PBXBuildFile; fileRef = B7E7BB4B252070DC00C68AAF /* LaunchScreen.storyboard */; };
		B7E7BB58252070DC00C68AAF /* FlicksTests.swift in Sources */ = {isa = PBXBuildFile; fileRef = B7E7BB57252070DC00C68AAF /* FlicksTests.swift */; };
		B7E7BB63252070DC00C68AAF /* FlicksUITests.swift in Sources */ = {isa = PBXBuildFile; fileRef = B7E7BB62252070DC00C68AAF /* FlicksUITests.swift */; };
/* End PBXBuildFile section */

/* Begin PBXContainerItemProxy section */
		B7E7BB54252070DC00C68AAF /* PBXContainerItemProxy */ = {
			isa = PBXContainerItemProxy;
			containerPortal = B7E7BB35252070DB00C68AAF /* Project object */;
			proxyType = 1;
			remoteGlobalIDString = B7E7BB3C252070DB00C68AAF;
			remoteInfo = Flicks;
		};
		B7E7BB5F252070DC00C68AAF /* PBXContainerItemProxy */ = {
			isa = PBXContainerItemProxy;
			containerPortal = B7E7BB35252070DB00C68AAF /* Project object */;
			proxyType = 1;
			remoteGlobalIDString = B7E7BB3C252070DB00C68AAF;
			remoteInfo = Flicks;
		};
/* End PBXContainerItemProxy section */

/* Begin PBXFileReference section */
		B7E7BB3D252070DB00C68AAF /* Flicks.app */ = {isa = PBXFileReference; explicitFileType = wrapper.application; includeInIndex = 0; path = Flicks.app; sourceTree = BUILT_PRODUCTS_DIR; };
		B7E7BB40252070DB00C68AAF /* AppDelegate.swift */ = {isa = PBXFileReference; lastKnownFileType = sourcecode.swift; path = AppDelegate.swift; sourceTree = "<group>"; };
		B7E7BB42252070DB00C68AAF /* SceneDelegate.swift */ = {isa = PBXFileReference; lastKnownFileType = sourcecode.swift; path = SceneDelegate.swift; sourceTree = "<group>"; };
		B7E7BB44252070DB00C68AAF /* ViewController.swift */ = {isa = PBXFileReference; lastKnownFileType = sourcecode.swift; path = ViewController.swift; sourceTree = "<group>"; };
		B7E7BB47252070DB00C68AAF /* Base */ = {isa = PBXFileReference; lastKnownFileType = file.storyboard; name = Base; path = Base.lproj/Main.storyboard; sourceTree = "<group>"; };
		B7E7BB49252070DC00C68AAF /* Assets.xcassets */ = {isa = PBXFileReference; lastKnownFileType = folder.assetcatalog; path = Assets.xcassets; sourceTree = "<group>"; };
		B7E7BB4C252070DC00C68AAF /* Base */ = {isa = PBXFileReference; lastKnownFileType = file.storyboard; name = Base; path = Base.lproj/LaunchScreen.storyboard; sourceTree = "<group>"; };
		B7E7BB4E252070DC00C68AAF /* Info.plist */ = {isa = PBXFileReference; lastKnownFileType = text.plist.xml; path = Info.plist; sourceTree = "<group>"; };
		B7E7BB53252070DC00C68AAF /* FlicksTests.xctest */ = {isa = PBXFileReference; explicitFileType = wrapper.cfbundle; includeInIndex = 0; path = FlicksTests.xctest; sourceTree = BUILT_PRODUCTS_DIR; };
		B7E7BB57252070DC00C68AAF /* FlicksTests.swift */ = {isa = PBXFileReference; lastKnownFileType = sourcecode.swift; path = FlicksTests.swift; sourceTree = "<group>"; };
		B7E7BB59252070DC00C68AAF /* Info.plist */ = {isa = PBXFileReference; lastKnownFileType = text.plist.xml; path = Info.plist; sourceTree = "<group>"; };
		B7E7BB5E252070DC00C68AAF /* FlicksUITests.xctest */ = {isa = PBXFileReference; explicitFileType = wrapper.cfbundle; includeInIndex = 0; path = FlicksUITests.xctest; sourceTree = BUILT_PRODUCTS_DIR; };
		B7E7BB62252070DC00C68AAF /* FlicksUITests.swift */ = {isa = PBXFileReference; lastKnownFileType = sourcecode.swift; path = FlicksUITests.swift; sourceTree = "<group>"; };
		B7E7BB64252070DC00C68AAF /* Info.plist */ = {isa = PBXFileReference; lastKnownFileType = text.plist.xml; path = Info.plist; sourceTree = "<group>"; };
/* End PBXFileReference section */

/* Begin PBXFrameworksBuildPhase section */
		B7E7BB3A252070DB00C68AAF /* Frameworks */ = {
			isa = PBXFrameworksBuildPhase;
			buildActionMask = 2147483647;
			files = (
			);
			runOnlyForDeploymentPostprocessing = 0;
		};
		B7E7BB50252070DC00C68AAF /* Frameworks */ = {
			isa = PBXFrameworksBuildPhase;
			buildActionMask = 2147483647;
			files = (
			);
			runOnlyForDeploymentPostprocessing = 0;
		};
		B7E7BB5B252070DC00C68AAF /* Frameworks */ = {
			isa = PBXFrameworksBuildPhase;
			buildActionMask = 2147483647;
			files = (
			);
			runOnlyForDeploymentPostprocessing = 0;
		};
/* End PBXFrameworksBuildPhase section */

/* Begin PBXGroup section */
		B7E7BB34252070DB00C68AAF = {
			isa = PBXGroup;
			children = (
				B7E7BB3F252070DB00C68AAF /* Flicks */,
				B7E7BB56252070DC00C68AAF /* FlicksTests */,
				B7E7BB61252070DC00C68AAF /* FlicksUITests */,
				B7E7BB3E252070DB00C68AAF /* Products */,
			);
			sourceTree = "<group>";
		};
		B7E7BB3E252070DB00C68AAF /* Products */ = {
			isa = PBXGroup;
			children = (
				B7E7BB3D252070DB00C68AAF /* Flicks.app */,
				B7E7BB53252070DC00C68AAF /* FlicksTests.xctest */,
				B7E7BB5E252070DC00C68AAF /* FlicksUITests.xctest */,
			);
			name = Products;
			sourceTree = "<group>";
		};
		B7E7BB3F252070DB00C68AAF /* Flicks */ = {
			isa = PBXGroup;
			children = (
				B7E7BB40252070DB00C68AAF /* AppDelegate.swift */,
				B7E7BB42252070DB00C68AAF /* SceneDelegate.swift */,
				B7E7BB44252070DB00C68AAF /* ViewController.swift */,
				B7E7BB46252070DB00C68AAF /* Main.storyboard */,
				B7E7BB49252070DC00C68AAF /* Assets.xcassets */,
				B7E7BB4B252070DC00C68AAF /* LaunchScreen.storyboard */,
				B7E7BB4E252070DC00C68AAF /* Info.plist */,
			);
			path = Flicks;
			sourceTree = "<group>";
		};
		B7E7BB56252070DC00C68AAF /* FlicksTests */ = {
			isa = PBXGroup;
			children = (
				B7E7BB57252070DC00C68AAF /* FlicksTests.swift */,
				B7E7BB59252070DC00C68AAF /* Info.plist */,
			);
			path = FlicksTests;
			sourceTree = "<group>";
		};
		B7E7BB61252070DC00C68AAF /* FlicksUITests */ = {
			isa = PBXGroup;
			children = (
				B7E7BB62252070DC00C68AAF /* FlicksUITests.swift */,
				B7E7BB64252070DC00C68AAF /* Info.plist */,
			);
			path = FlicksUITests;
			sourceTree = "<group>";
		};
/* End PBXGroup section */

/* Begin PBXNativeTarget section */
		B7E7BB3C252070DB00C68AAF /* Flicks */ = {
			isa = PBXNativeTarget;
			buildConfigurationList = B7E7BB67252070DC00C68AAF /* Build configuration list for PBXNativeTarget "Flicks" */;
			buildPhases = (
				B7E7BB39252070DB00C68AAF /* Sources */,
				B7E7BB3A252070DB00C68AAF /* Frameworks */,
				B7E7BB3B252070DB00C68AAF /* Resources */,
			);
			buildRules = (
			);
			dependencies = (
			);
			name = Flicks;
			productName = Flicks;
			productReference = B7E7BB3D252070DB00C68AAF /* Flicks.app */;
			productType = "com.apple.product-type.application";
		};
		B7E7BB52252070DC00C68AAF /* FlicksTests */ = {
			isa = PBXNativeTarget;
			buildConfigurationList = B7E7BB6A252070DC00C68AAF /* Build configuration list for PBXNativeTarget "FlicksTests" */;
			buildPhases = (
				B7E7BB4F252070DC00C68AAF /* Sources */,
				B7E7BB50252070DC00C68AAF /* Frameworks */,
				B7E7BB51252070DC00C68AAF /* Resources */,
			);
			buildRules = (
			);
			dependencies = (
				B7E7BB55252070DC00C68AAF /* PBXTargetDependency */,
			);
			name = FlicksTests;
			productName = FlicksTests;
			productReference = B7E7BB53252070DC00C68AAF /* FlicksTests.xctest */;
			productType = "com.apple.product-type.bundle.unit-test";
		};
		B7E7BB5D252070DC00C68AAF /* FlicksUITests */ = {
			isa = PBXNativeTarget;
			buildConfigurationList = B7E7BB6D252070DC00C68AAF /* Build configuration list for PBXNativeTarget "FlicksUITests" */;
			buildPhases = (
				B7E7BB5A252070DC00C68AAF /* Sources */,
				B7E7BB5B252070DC00C68AAF /* Frameworks */,
				B7E7BB5C252070DC00C68AAF /* Resources */,
			);
			buildRules = (
			);
			dependencies = (
				B7E7BB60252070DC00C68AAF /* PBXTargetDependency */,
			);
			name = FlicksUITests;
			productName = FlicksUITests;
			productReference = B7E7BB5E252070DC00C68AAF /* FlicksUITests.xctest */;
			productType = "com.apple.product-type.bundle.ui-testing";
		};
/* End PBXNativeTarget section */

/* Begin PBXProject section */
		B7E7BB35252070DB00C68AAF /* Project object */ = {
			isa = PBXProject;
			attributes = {
				LastSwiftUpdateCheck = 1200;
				LastUpgradeCheck = 1200;
				TargetAttributes = {
					B7E7BB3C252070DB00C68AAF = {
						CreatedOnToolsVersion = 12.0.1;
					};
					B7E7BB52252070DC00C68AAF = {
						CreatedOnToolsVersion = 12.0.1;
						TestTargetID = B7E7BB3C252070DB00C68AAF;
					};
					B7E7BB5D252070DC00C68AAF = {
						CreatedOnToolsVersion = 12.0.1;
						TestTargetID = B7E7BB3C252070DB00C68AAF;
					};
				};
			};
			buildConfigurationList = B7E7BB38252070DB00C68AAF /* Build configuration list for PBXProject "Flicks" */;
			compatibilityVersion = "Xcode 9.3";
			developmentRegion = en;
			hasScannedForEncodings = 0;
			knownRegions = (
				en,
				Base,
			);
			mainGroup = B7E7BB34252070DB00C68AAF;
			productRefGroup = B7E7BB3E252070DB00C68AAF /* Products */;
			projectDirPath = "";
			projectRoot = "";
			targets = (
				B7E7BB3C252070DB00C68AAF /* Flicks */,
				B7E7BB52252070DC00C68AAF /* FlicksTests */,
				B7E7BB5D252070DC00C68AAF /* FlicksUITests */,
			);
		};
/* End PBXProject section */

/* Begin PBXResourcesBuildPhase section */
		B7E7BB3B252070DB00C68AAF /* Resources */ = {
			isa = PBXResourcesBuildPhase;
			buildActionMask = 2147483647;
			files = (
				B7E7BB4D252070DC00C68AAF /* LaunchScreen.storyboard in Resources */,
				B7E7BB4A252070DC00C68AAF /* Assets.xcassets in Resources */,
				B7E7BB48252070DB00C68AAF /* Main.storyboard in Resources */,
			);
			runOnlyForDeploymentPostprocessing = 0;
		};
		B7E7BB51252070DC00C68AAF /* Resources */ = {
			isa = PBXResourcesBuildPhase;
			buildActionMask = 2147483647;
			files = (
			);
			runOnlyForDeploymentPostprocessing = 0;
		};
		B7E7BB5C252070DC00C68AAF /* Resources */ = {
			isa = PBXResourcesBuildPhase;
			buildActionMask = 2147483647;
			files = (
			);
			runOnlyForDeploymentPostprocessing = 0;
		};
/* End PBXResourcesBuildPhase section */

/* Begin PBXSourcesBuildPhase section */
		B7E7BB39252070DB00C68AAF /* Sources */ = {
			isa = PBXSourcesBuildPhase;
			buildActionMask = 2147483647;
			files = (
				B7E7BB45252070DB00C68AAF /* ViewController.swift in Sources */,
				B7E7BB41252070DB00C68AAF /* AppDelegate.swift in Sources */,
				B7E7BB43252070DB00C68AAF /* SceneDelegate.swift in Sources */,
			);
			runOnlyForDeploymentPostprocessing = 0;
		};
		B7E7BB4F252070DC00C68AAF /* Sources */ = {
			isa = PBXSourcesBuildPhase;
			buildActionMask = 2147483647;
			files = (
				B7E7BB58252070DC00C68AAF /* FlicksTests.swift in Sources */,
			);
			runOnlyForDeploymentPostprocessing = 0;
		};
		B7E7BB5A252070DC00C68AAF /* Sources */ = {
			isa = PBXSourcesBuildPhase;
			buildActionMask = 2147483647;
			files = (
				B7E7BB63252070DC00C68AAF /* FlicksUITests.swift in Sources */,
			);
			runOnlyForDeploymentPostprocessing = 0;
		};
/* End PBXSourcesBuildPhase section */

/* Begin PBXTargetDependency section */
		B7E7BB55252070DC00C68AAF /* PBXTargetDependency */ = {
			isa = PBXTargetDependency;
			target = B7E7BB3C252070DB00C68AAF /* Flicks */;
			targetProxy = B7E7BB54252070DC00C68AAF /* PBXContainerItemProxy */;
		};
		B7E7BB60252070DC00C68AAF /* PBXTargetDependency */ = {
			isa = PBXTargetDependency;
			target = B7E7BB3C252070DB00C68AAF /* Flicks */;
			targetProxy = B7E7BB5F252070DC00C68AAF /* PBXContainerItemProxy */;
		};
/* End PBXTargetDependency section */

/* Begin PBXVariantGroup section */
		B7E7BB46252070DB00C68AAF /* Main.storyboard */ = {
			isa = PBXVariantGroup;
			children = (
				B7E7BB47252070DB00C68AAF /* Base */,
			);
			name = Main.storyboard;
			sourceTree = "<group>";
		};
		B7E7BB4B252070DC00C68AAF /* LaunchScreen.storyboard */ = {
			isa = PBXVariantGroup;
			children = (
				B7E7BB4C252070DC00C68AAF /* Base */,
			);
			name = LaunchScreen.storyboard;
			sourceTree = "<group>";
		};
/* End PBXVariantGroup section */

/* Begin XCBuildConfiguration section */
		B7E7BB65252070DC00C68AAF /* Debug */ = {
			isa = XCBuildConfiguration;
			buildSettings = {
				ALWAYS_SEARCH_USER_PATHS = NO;
				CLANG_ANALYZER_NONNULL = YES;
				CLANG_ANALYZER_NUMBER_OBJECT_CONVERSION = YES_AGGRESSIVE;
				CLANG_CXX_LANGUAGE_STANDARD = "gnu++14";
				CLANG_CXX_LIBRARY = "libc++";
				CLANG_ENABLE_MODULES = YES;
				CLANG_ENABLE_OBJC_ARC = YES;
				CLANG_ENABLE_OBJC_WEAK = YES;
				CLANG_WARN_BLOCK_CAPTURE_AUTORELEASING = YES;
				CLANG_WARN_BOOL_CONVERSION = YES;
				CLANG_WARN_COMMA = YES;
				CLANG_WARN_CONSTANT_CONVERSION = YES;
				CLANG_WARN_DEPRECATED_OBJC_IMPLEMENTATIONS = YES;
				CLANG_WARN_DIRECT_OBJC_ISA_USAGE = YES_ERROR;
				CLANG_WARN_DOCUMENTATION_COMMENTS = YES;
				CLANG_WARN_EMPTY_BODY = YES;
				CLANG_WARN_ENUM_CONVERSION = YES;
				CLANG_WARN_INFINITE_RECURSION = YES;
				CLANG_WARN_INT_CONVERSION = YES;
				CLANG_WARN_NON_LITERAL_NULL_CONVERSION = YES;
				CLANG_WARN_OBJC_IMPLICIT_RETAIN_SELF = YES;
				CLANG_WARN_OBJC_LITERAL_CONVERSION = YES;
				CLANG_WARN_OBJC_ROOT_CLASS = YES_ERROR;
				CLANG_WARN_QUOTED_INCLUDE_IN_FRAMEWORK_HEADER = YES;
				CLANG_WARN_RANGE_LOOP_ANALYSIS = YES;
				CLANG_WARN_STRICT_PROTOTYPES = YES;
				CLANG_WARN_SUSPICIOUS_MOVE = YES;
				CLANG_WARN_UNGUARDED_AVAILABILITY = YES_AGGRESSIVE;
				CLANG_WARN_UNREACHABLE_CODE = YES;
				CLANG_WARN__DUPLICATE_METHOD_MATCH = YES;
				COPY_PHASE_STRIP = NO;
				DEBUG_INFORMATION_FORMAT = dwarf;
				ENABLE_STRICT_OBJC_MSGSEND = YES;
				ENABLE_TESTABILITY = YES;
				GCC_C_LANGUAGE_STANDARD = gnu11;
				GCC_DYNAMIC_NO_PIC = NO;
				GCC_NO_COMMON_BLOCKS = YES;
				GCC_OPTIMIZATION_LEVEL = 0;
				GCC_PREPROCESSOR_DEFINITIONS = (
					"DEBUG=1",
					"$(inherited)",
				);
				GCC_WARN_64_TO_32_BIT_CONVERSION = YES;
				GCC_WARN_ABOUT_RETURN_TYPE = YES_ERROR;
				GCC_WARN_UNDECLARED_SELECTOR = YES;
				GCC_WARN_UNINITIALIZED_AUTOS = YES_AGGRESSIVE;
				GCC_WARN_UNUSED_FUNCTION = YES;
				GCC_WARN_UNUSED_VARIABLE = YES;
				IPHONEOS_DEPLOYMENT_TARGET = 14.0;
				MTL_ENABLE_DEBUG_INFO = INCLUDE_SOURCE;
				MTL_FAST_MATH = YES;
				ONLY_ACTIVE_ARCH = YES;
				SDKROOT = iphoneos;
				SWIFT_ACTIVE_COMPILATION_CONDITIONS = DEBUG;
				SWIFT_OPTIMIZATION_LEVEL = "-Onone";
			};
			name = Debug;
		};
		B7E7BB66252070DC00C68AAF /* Release */ = {
			isa = XCBuildConfiguration;
			buildSettings = {
				ALWAYS_SEARCH_USER_PATHS = NO;
				CLANG_ANALYZER_NONNULL = YES;
				CLANG_ANALYZER_NUMBER_OBJECT_CONVERSION = YES_AGGRESSIVE;
				CLANG_CXX_LANGUAGE_STANDARD = "gnu++14";
				CLANG_CXX_LIBRARY = "libc++";
				CLANG_ENABLE_MODULES = YES;
				CLANG_ENABLE_OBJC_ARC = YES;
				CLANG_ENABLE_OBJC_WEAK = YES;
				CLANG_WARN_BLOCK_CAPTURE_AUTORELEASING = YES;
				CLANG_WARN_BOOL_CONVERSION = YES;
				CLANG_WARN_COMMA = YES;
				CLANG_WARN_CONSTANT_CONVERSION = YES;
				CLANG_WARN_DEPRECATED_OBJC_IMPLEMENTATIONS = YES;
				CLANG_WARN_DIRECT_OBJC_ISA_USAGE = YES_ERROR;
				CLANG_WARN_DOCUMENTATION_COMMENTS = YES;
				CLANG_WARN_EMPTY_BODY = YES;
				CLANG_WARN_ENUM_CONVERSION = YES;
				CLANG_WARN_INFINITE_RECURSION = YES;
				CLANG_WARN_INT_CONVERSION = YES;
				CLANG_WARN_NON_LITERAL_NULL_CONVERSION = YES;
				CLANG_WARN_OBJC_IMPLICIT_RETAIN_SELF = YES;
				CLANG_WARN_OBJC_LITERAL_CONVERSION = YES;
				CLANG_WARN_OBJC_ROOT_CLASS = YES_ERROR;
				CLANG_WARN_QUOTED_INCLUDE_IN_FRAMEWORK_HEADER = YES;
				CLANG_WARN_RANGE_LOOP_ANALYSIS = YES;
				CLANG_WARN_STRICT_PROTOTYPES = YES;
				CLANG_WARN_SUSPICIOUS_MOVE = YES;
				CLANG_WARN_UNGUARDED_AVAILABILITY = YES_AGGRESSIVE;
				CLANG_WARN_UNREACHABLE_CODE = YES;
				CLANG_WARN__DUPLICATE_METHOD_MATCH = YES;
				COPY_PHASE_STRIP = NO;
				DEBUG_INFORMATION_FORMAT = "dwarf-with-dsym";
				ENABLE_NS_ASSERTIONS = NO;
				ENABLE_STRICT_OBJC_MSGSEND = YES;
				GCC_C_LANGUAGE_STANDARD = gnu11;
				GCC_NO_COMMON_BLOCKS = YES;
				GCC_WARN_64_TO_32_BIT_CONVERSION = YES;
				GCC_WARN_ABOUT_RETURN_TYPE = YES_ERROR;
				GCC_WARN_UNDECLARED_SELECTOR = YES;
				GCC_WARN_UNINITIALIZED_AUTOS = YES_AGGRESSIVE;
				GCC_WARN_UNUSED_FUNCTION = YES;
				GCC_WARN_UNUSED_VARIABLE = YES;
				IPHONEOS_DEPLOYMENT_TARGET = 14.0;
				MTL_ENABLE_DEBUG_INFO = NO;
				MTL_FAST_MATH = YES;
				SDKROOT = iphoneos;
				SWIFT_COMPILATION_MODE = wholemodule;
				SWIFT_OPTIMIZATION_LEVEL = "-O";
				VALIDATE_PRODUCT = YES;
			};
			name = Release;
		};
		B7E7BB68252070DC00C68AAF /* Debug */ = {
			isa = XCBuildConfiguration;
			buildSettings = {
				ASSETCATALOG_COMPILER_APPICON_NAME = AppIcon;
				ASSETCATALOG_COMPILER_GLOBAL_ACCENT_COLOR_NAME = AccentColor;
				CODE_SIGN_STYLE = Automatic;
				INFOPLIST_FILE = Flicks/Info.plist;
				LD_RUNPATH_SEARCH_PATHS = (
					"$(inherited)",
					"@executable_path/Frameworks",
				);
				PRODUCT_BUNDLE_IDENTIFIER = Lillyfab26.Flicks;
				PRODUCT_NAME = "$(TARGET_NAME)";
				SWIFT_VERSION = 5.0;
				TARGETED_DEVICE_FAMILY = "1,2";
			};
			name = Debug;
		};
		B7E7BB69252070DC00C68AAF /* Release */ = {
			isa = XCBuildConfiguration;
			buildSettings = {
				ASSETCATALOG_COMPILER_APPICON_NAME = AppIcon;
				ASSETCATALOG_COMPILER_GLOBAL_ACCENT_COLOR_NAME = AccentColor;
				CODE_SIGN_STYLE = Automatic;
				INFOPLIST_FILE = Flicks/Info.plist;
				LD_RUNPATH_SEARCH_PATHS = (
					"$(inherited)",
					"@executable_path/Frameworks",
				);
				PRODUCT_BUNDLE_IDENTIFIER = Lillyfab26.Flicks;
				PRODUCT_NAME = "$(TARGET_NAME)";
				SWIFT_VERSION = 5.0;
				TARGETED_DEVICE_FAMILY = "1,2";
			};
			name = Release;
		};
		B7E7BB6B252070DC00C68AAF /* Debug */ = {
			isa = XCBuildConfiguration;
			buildSettings = {
				ALWAYS_EMBED_SWIFT_STANDARD_LIBRARIES = YES;
				BUNDLE_LOADER = "$(TEST_HOST)";
				CODE_SIGN_STYLE = Automatic;
				INFOPLIST_FILE = FlicksTests/Info.plist;
				IPHONEOS_DEPLOYMENT_TARGET = 14.0;
				LD_RUNPATH_SEARCH_PATHS = (
					"$(inherited)",
					"@executable_path/Frameworks",
					"@loader_path/Frameworks",
				);
				PRODUCT_BUNDLE_IDENTIFIER = Lillyfab26.FlicksTests;
				PRODUCT_NAME = "$(TARGET_NAME)";
				SWIFT_VERSION = 5.0;
				TARGETED_DEVICE_FAMILY = "1,2";
				TEST_HOST = "$(BUILT_PRODUCTS_DIR)/Flicks.app/Flicks";
			};
			name = Debug;
		};
		B7E7BB6C252070DC00C68AAF /* Release */ = {
			isa = XCBuildConfiguration;
			buildSettings = {
				ALWAYS_EMBED_SWIFT_STANDARD_LIBRARIES = YES;
				BUNDLE_LOADER = "$(TEST_HOST)";
				CODE_SIGN_STYLE = Automatic;
				INFOPLIST_FILE = FlicksTests/Info.plist;
				IPHONEOS_DEPLOYMENT_TARGET = 14.0;
				LD_RUNPATH_SEARCH_PATHS = (
					"$(inherited)",
					"@executable_path/Frameworks",
					"@loader_path/Frameworks",
				);
				PRODUCT_BUNDLE_IDENTIFIER = Lillyfab26.FlicksTests;
				PRODUCT_NAME = "$(TARGET_NAME)";
				SWIFT_VERSION = 5.0;
				TARGETED_DEVICE_FAMILY = "1,2";
				TEST_HOST = "$(BUILT_PRODUCTS_DIR)/Flicks.app/Flicks";
			};
			name = Release;
		};
		B7E7BB6E252070DC00C68AAF /* Debug */ = {
			isa = XCBuildConfiguration;
			buildSettings = {
				ALWAYS_EMBED_SWIFT_STANDARD_LIBRARIES = YES;
				CODE_SIGN_STYLE = Automatic;
				INFOPLIST_FILE = FlicksUITests/Info.plist;
				LD_RUNPATH_SEARCH_PATHS = (
					"$(inherited)",
					"@executable_path/Frameworks",
					"@loader_path/Frameworks",
				);
				PRODUCT_BUNDLE_IDENTIFIER = Lillyfab26.FlicksUITests;
				PRODUCT_NAME = "$(TARGET_NAME)";
				SWIFT_VERSION = 5.0;
				TARGETED_DEVICE_FAMILY = "1,2";
				TEST_TARGET_NAME = Flicks;
			};
			name = Debug;
		};
		B7E7BB6F252070DC00C68AAF /* Release */ = {
			isa = XCBuildConfiguration;
			buildSettings = {
				ALWAYS_EMBED_SWIFT_STANDARD_LIBRARIES = YES;
				CODE_SIGN_STYLE = Automatic;
				INFOPLIST_FILE = FlicksUITests/Info.plist;
				LD_RUNPATH_SEARCH_PATHS = (
					"$(inherited)",
					"@executable_path/Frameworks",
					"@loader_path/Frameworks",
				);
				PRODUCT_BUNDLE_IDENTIFIER = Lillyfab26.FlicksUITests;
				PRODUCT_NAME = "$(TARGET_NAME)";
				SWIFT_VERSION = 5.0;
				TARGETED_DEVICE_FAMILY = "1,2";
				TEST_TARGET_NAME = Flicks;
			};
			name = Release;
		};
/* End XCBuildConfiguration section */

/* Begin XCConfigurationList section */
		B7E7BB38252070DB00C68AAF /* Build configuration list for PBXProject "Flicks" */ = {
			isa = XCConfigurationList;
			buildConfigurations = (
				B7E7BB65252070DC00C68AAF /* Debug */,
				B7E7BB66252070DC00C68AAF /* Release */,
			);
			defaultConfigurationIsVisible = 0;
			defaultConfigurationName = Release;
		};
		B7E7BB67252070DC00C68AAF /* Build configuration list for PBXNativeTarget "Flicks" */ = {
			isa = XCConfigurationList;
			buildConfigurations = (
				B7E7BB68252070DC00C68AAF /* Debug */,
				B7E7BB69252070DC00C68AAF /* Release */,
			);
			defaultConfigurationIsVisible = 0;
			defaultConfigurationName = Release;
		};
		B7E7BB6A252070DC00C68AAF /* Build configuration list for PBXNativeTarget "FlicksTests" */ = {
			isa = XCConfigurationList;
			buildConfigurations = (
				B7E7BB6B252070DC00C68AAF /* Debug */,
				B7E7BB6C252070DC00C68AAF /* Release */,
			);
			defaultConfigurationIsVisible = 0;
			defaultConfigurationName = Release;
		};
		B7E7BB6D252070DC00C68AAF /* Build configuration list for PBXNativeTarget "FlicksUITests" */ = {
			isa = XCConfigurationList;
			buildConfigurations = (
				B7E7BB6E252070DC00C68AAF /* Debug */,
				B7E7BB6F252070DC00C68AAF /* Release */,
			);
			defaultConfigurationIsVisible = 0;
			defaultConfigurationName = Release;
		};
/* End XCConfigurationList section */
	};
	rootObject = B7E7BB35252070DB00C68AAF /* Project object */;
}
